// !$*UTF8*$!
{
	archiveVersion = 1;
	classes = {
	};
	objectVersion = 48;
	objects = {

/* Begin PBXBuildFile section */
		40A0DB6360B53DD6FB5FAD67 /* Pods_Eikana__.framework in Frameworks */ = {isa = PBXBuildFile; fileRef = 9590A24281C0721A6BA5378D /* Pods_Eikana__.framework */; };
		625653141DC7AD2D00DF0364 /* StatusMenu.swift in Sources */ = {isa = PBXBuildFile; fileRef = 625653131DC7AD2D00DF0364 /* StatusMenu.swift */; };
		625653161DC80F7B00DF0364 /* KeyEvents.swift in Sources */ = {isa = PBXBuildFile; fileRef = 625653151DC80F7B00DF0364 /* KeyEvents.swift */; };
		625653181DC864BE00DF0364 /* PreferenceWindowController.swift in Sources */ = {isa = PBXBuildFile; fileRef = 625653171DC864BE00DF0364 /* PreferenceWindowController.swift */; };
		626DD3511E40517D005810F0 /* LaunchAtStartup.swift in Sources */ = {isa = PBXBuildFile; fileRef = 626DD3501E40517D005810F0 /* LaunchAtStartup.swift */; };
		62A5A0861E6346DD0067564C /* dsa_pub.pem in Resources */ = {isa = PBXBuildFile; fileRef = 62A5A0851E6346DD0067564C /* dsa_pub.pem */; };
		62E17E671DBD7149008345D9 /* AppDelegate.swift in Sources */ = {isa = PBXBuildFile; fileRef = 62E17E661DBD7149008345D9 /* AppDelegate.swift */; };
		62E17E691DBD7149008345D9 /* ViewController.swift in Sources */ = {isa = PBXBuildFile; fileRef = 62E17E681DBD7149008345D9 /* ViewController.swift */; };
		62E17E6B1DBD7149008345D9 /* Assets.xcassets in Resources */ = {isa = PBXBuildFile; fileRef = 62E17E6A1DBD7149008345D9 /* Assets.xcassets */; };
		62E17E6E1DBD7149008345D9 /* Main.storyboard in Resources */ = {isa = PBXBuildFile; fileRef = 62E17E6C1DBD7149008345D9 /* Main.storyboard */; };
/* End PBXBuildFile section */

/* Begin PBXFileReference section */
		625653131DC7AD2D00DF0364 /* StatusMenu.swift */ = {isa = PBXFileReference; fileEncoding = 4; lastKnownFileType = sourcecode.swift; path = StatusMenu.swift; sourceTree = "<group>"; };
		625653151DC80F7B00DF0364 /* KeyEvents.swift */ = {isa = PBXFileReference; fileEncoding = 4; lastKnownFileType = sourcecode.swift; path = KeyEvents.swift; sourceTree = "<group>"; };
		625653171DC864BE00DF0364 /* PreferenceWindowController.swift */ = {isa = PBXFileReference; fileEncoding = 4; lastKnownFileType = sourcecode.swift; path = PreferenceWindowController.swift; sourceTree = "<group>"; };
		626DD3501E40517D005810F0 /* LaunchAtStartup.swift */ = {isa = PBXFileReference; fileEncoding = 4; lastKnownFileType = sourcecode.swift; path = LaunchAtStartup.swift; sourceTree = "<group>"; };
		62A5A0851E6346DD0067564C /* dsa_pub.pem */ = {isa = PBXFileReference; fileEncoding = 4; lastKnownFileType = text; path = dsa_pub.pem; sourceTree = "<group>"; };
		62E17E631DBD7149008345D9 /* Eikana β.app */ = {isa = PBXFileReference; explicitFileType = wrapper.application; includeInIndex = 0; path = "Eikana β.app"; sourceTree = BUILT_PRODUCTS_DIR; };
		62E17E661DBD7149008345D9 /* AppDelegate.swift */ = {isa = PBXFileReference; lastKnownFileType = sourcecode.swift; path = AppDelegate.swift; sourceTree = "<group>"; };
		62E17E681DBD7149008345D9 /* ViewController.swift */ = {isa = PBXFileReference; lastKnownFileType = sourcecode.swift; path = ViewController.swift; sourceTree = "<group>"; };
		62E17E6A1DBD7149008345D9 /* Assets.xcassets */ = {isa = PBXFileReference; lastKnownFileType = folder.assetcatalog; path = Assets.xcassets; sourceTree = "<group>"; };
		62E17E6D1DBD7149008345D9 /* Base */ = {isa = PBXFileReference; lastKnownFileType = file.storyboard; name = Base; path = Base.lproj/Main.storyboard; sourceTree = "<group>"; };
		62E17E6F1DBD7149008345D9 /* Info.plist */ = {isa = PBXFileReference; lastKnownFileType = text.plist.xml; path = Info.plist; sourceTree = "<group>"; };
		9590A24281C0721A6BA5378D /* Pods_Eikana__.framework */ = {isa = PBXFileReference; explicitFileType = wrapper.framework; includeInIndex = 0; path = Pods_Eikana__.framework; sourceTree = BUILT_PRODUCTS_DIR; };
		B43648F5784FFB1175B80612 /* Pods-Eikana β.debug.xcconfig */ = {isa = PBXFileReference; includeInIndex = 1; lastKnownFileType = text.xcconfig; name = "Pods-Eikana β.debug.xcconfig"; path = "Pods/Target Support Files/Pods-Eikana β/Pods-Eikana β.debug.xcconfig"; sourceTree = "<group>"; };
		E1F3E528C2719CC65970092F /* Pods-Eikana β.release.xcconfig */ = {isa = PBXFileReference; includeInIndex = 1; lastKnownFileType = text.xcconfig; name = "Pods-Eikana β.release.xcconfig"; path = "Pods/Target Support Files/Pods-Eikana β/Pods-Eikana β.release.xcconfig"; sourceTree = "<group>"; };
/* End PBXFileReference section */

/* Begin PBXFrameworksBuildPhase section */
		62E17E601DBD7149008345D9 /* Frameworks */ = {
			isa = PBXFrameworksBuildPhase;
			buildActionMask = 2147483647;
			files = (
				40A0DB6360B53DD6FB5FAD67 /* Pods_Eikana__.framework in Frameworks */,
			);
			runOnlyForDeploymentPostprocessing = 0;
		};
/* End PBXFrameworksBuildPhase section */

/* Begin PBXGroup section */
		1D8A1B710AB880E09E1010FB /* Frameworks */ = {
			isa = PBXGroup;
			children = (
				9590A24281C0721A6BA5378D /* Pods_Eikana__.framework */,
			);
			name = Frameworks;
			sourceTree = "<group>";
		};
		471C0594D58523B2C330D1B3 /* Pods */ = {
			isa = PBXGroup;
			children = (
				B43648F5784FFB1175B80612 /* Pods-Eikana β.debug.xcconfig */,
				E1F3E528C2719CC65970092F /* Pods-Eikana β.release.xcconfig */,
			);
			name = Pods;
			sourceTree = "<group>";
		};
		62E17E5A1DBD7149008345D9 = {
			isa = PBXGroup;
			children = (
				62E17E651DBD7149008345D9 /* Eikana β */,
				62E17E641DBD7149008345D9 /* Products */,
				471C0594D58523B2C330D1B3 /* Pods */,
				1D8A1B710AB880E09E1010FB /* Frameworks */,
			);
			sourceTree = "<group>";
		};
		62E17E641DBD7149008345D9 /* Products */ = {
			isa = PBXGroup;
			children = (
				62E17E631DBD7149008345D9 /* Eikana β.app */,
			);
			name = Products;
			sourceTree = "<group>";
		};
		62E17E651DBD7149008345D9 /* Eikana β */ = {
			isa = PBXGroup;
			children = (
				62E17E661DBD7149008345D9 /* AppDelegate.swift */,
				625653151DC80F7B00DF0364 /* KeyEvents.swift */,
				62E17E681DBD7149008345D9 /* ViewController.swift */,
				62E17E6A1DBD7149008345D9 /* Assets.xcassets */,
				62E17E6C1DBD7149008345D9 /* Main.storyboard */,
				625653171DC864BE00DF0364 /* PreferenceWindowController.swift */,
				625653131DC7AD2D00DF0364 /* StatusMenu.swift */,
				626DD3501E40517D005810F0 /* LaunchAtStartup.swift */,
				62E17E6F1DBD7149008345D9 /* Info.plist */,
				62A5A0851E6346DD0067564C /* dsa_pub.pem */,
			);
			path = "Eikana β";
			sourceTree = "<group>";
		};
/* End PBXGroup section */

/* Begin PBXNativeTarget section */
		62E17E621DBD7149008345D9 /* Eikana β */ = {
			isa = PBXNativeTarget;
			buildConfigurationList = 62E17E721DBD7149008345D9 /* Build configuration list for PBXNativeTarget "Eikana β" */;
			buildPhases = (
				1B5000EA4932B916B5417E17 /* [CP] Check Pods Manifest.lock */,
				62E17E5F1DBD7149008345D9 /* Sources */,
				62E17E601DBD7149008345D9 /* Frameworks */,
				62E17E611DBD7149008345D9 /* Resources */,
				C7F5507A2D0CFA19F4B0D62B /* [CP] Embed Pods Frameworks */,
				ADCEDECDAD48C80B28E92CBF /* [CP] Copy Pods Resources */,
			);
			buildRules = (
			);
			dependencies = (
			);
			name = "Eikana β";
			productName = "cmd-eikana";
			productReference = 62E17E631DBD7149008345D9 /* Eikana β.app */;
			productType = "com.apple.product-type.application";
		};
/* End PBXNativeTarget section */

/* Begin PBXProject section */
		62E17E5B1DBD7149008345D9 /* Project object */ = {
			isa = PBXProject;
			attributes = {
				LastSwiftUpdateCheck = 0800;
				LastUpgradeCheck = 0810;
				ORGANIZATIONNAME = iMasanari;
				TargetAttributes = {
					62E17E621DBD7149008345D9 = {
						CreatedOnToolsVersion = 8.0;
						ProvisioningStyle = Automatic;
					};
				};
			};
			buildConfigurationList = 62E17E5E1DBD7149008345D9 /* Build configuration list for PBXProject "Eikana β" */;
			compatibilityVersion = "Xcode 8.0";
			developmentRegion = English;
			hasScannedForEncodings = 0;
			knownRegions = (
				en,
				Base,
			);
			mainGroup = 62E17E5A1DBD7149008345D9;
			productRefGroup = 62E17E641DBD7149008345D9 /* Products */;
			projectDirPath = "";
			projectRoot = "";
			targets = (
				62E17E621DBD7149008345D9 /* Eikana β */,
			);
		};
/* End PBXProject section */

/* Begin PBXResourcesBuildPhase section */
		62E17E611DBD7149008345D9 /* Resources */ = {
			isa = PBXResourcesBuildPhase;
			buildActionMask = 2147483647;
			files = (
				62E17E6B1DBD7149008345D9 /* Assets.xcassets in Resources */,
				62A5A0861E6346DD0067564C /* dsa_pub.pem in Resources */,
				62E17E6E1DBD7149008345D9 /* Main.storyboard in Resources */,
			);
			runOnlyForDeploymentPostprocessing = 0;
		};
/* End PBXResourcesBuildPhase section */

/* Begin PBXShellScriptBuildPhase section */
		1B5000EA4932B916B5417E17 /* [CP] Check Pods Manifest.lock */ = {
			isa = PBXShellScriptBuildPhase;
			buildActionMask = 2147483647;
			files = (
			);
			inputPaths = (
			);
			name = "[CP] Check Pods Manifest.lock";
			outputPaths = (
			);
			runOnlyForDeploymentPostprocessing = 0;
			shellPath = /bin/sh;
			shellScript = "diff \"${PODS_ROOT}/../Podfile.lock\" \"${PODS_ROOT}/Manifest.lock\" > /dev/null\nif [ $? != 0 ] ; then\n    # print error to STDERR\n    echo \"error: The sandbox is not in sync with the Podfile.lock. Run 'pod install' or update your CocoaPods installation.\" >&2\n    exit 1\nfi\n";
			showEnvVarsInLog = 0;
		};
		ADCEDECDAD48C80B28E92CBF /* [CP] Copy Pods Resources */ = {
			isa = PBXShellScriptBuildPhase;
			buildActionMask = 2147483647;
			files = (
			);
			inputPaths = (
			);
			name = "[CP] Copy Pods Resources";
			outputPaths = (
			);
			runOnlyForDeploymentPostprocessing = 0;
			shellPath = /bin/sh;
			shellScript = "\"${SRCROOT}/Pods/Target Support Files/Pods-Eikana β/Pods-Eikana β-resources.sh\"\n";
			showEnvVarsInLog = 0;
		};
		C7F5507A2D0CFA19F4B0D62B /* [CP] Embed Pods Frameworks */ = {
			isa = PBXShellScriptBuildPhase;
			buildActionMask = 2147483647;
			files = (
			);
			inputPaths = (
			);
			name = "[CP] Embed Pods Frameworks";
			outputPaths = (
			);
			runOnlyForDeploymentPostprocessing = 0;
			shellPath = /bin/sh;
			shellScript = "\"${SRCROOT}/Pods/Target Support Files/Pods-Eikana β/Pods-Eikana β-frameworks.sh\"\n";
			showEnvVarsInLog = 0;
		};
/* End PBXShellScriptBuildPhase section */

/* Begin PBXSourcesBuildPhase section */
		62E17E5F1DBD7149008345D9 /* Sources */ = {
			isa = PBXSourcesBuildPhase;
			buildActionMask = 2147483647;
			files = (
				625653181DC864BE00DF0364 /* PreferenceWindowController.swift in Sources */,
				626DD3511E40517D005810F0 /* LaunchAtStartup.swift in Sources */,
				625653161DC80F7B00DF0364 /* KeyEvents.swift in Sources */,
				62E17E691DBD7149008345D9 /* ViewController.swift in Sources */,
				62E17E671DBD7149008345D9 /* AppDelegate.swift in Sources */,
				625653141DC7AD2D00DF0364 /* StatusMenu.swift in Sources */,
			);
			runOnlyForDeploymentPostprocessing = 0;
		};
/* End PBXSourcesBuildPhase section */

/* Begin PBXVariantGroup section */
		62E17E6C1DBD7149008345D9 /* Main.storyboard */ = {
			isa = PBXVariantGroup;
			children = (
				62E17E6D1DBD7149008345D9 /* Base */,
			);
			name = Main.storyboard;
			sourceTree = "<group>";
		};
/* End PBXVariantGroup section */

/* Begin XCBuildConfiguration section */
		62E17E701DBD7149008345D9 /* Debug */ = {
			isa = XCBuildConfiguration;
			buildSettings = {
				ALWAYS_SEARCH_USER_PATHS = NO;
				CLANG_ANALYZER_NONNULL = YES;
				CLANG_CXX_LANGUAGE_STANDARD = "gnu++0x";
				CLANG_CXX_LIBRARY = "libc++";
				CLANG_ENABLE_MODULES = YES;
				CLANG_ENABLE_OBJC_ARC = YES;
				CLANG_WARN_BOOL_CONVERSION = YES;
				CLANG_WARN_CONSTANT_CONVERSION = YES;
				CLANG_WARN_DIRECT_OBJC_ISA_USAGE = YES_ERROR;
				CLANG_WARN_DOCUMENTATION_COMMENTS = YES;
				CLANG_WARN_EMPTY_BODY = YES;
				CLANG_WARN_ENUM_CONVERSION = YES;
				CLANG_WARN_INFINITE_RECURSION = YES;
				CLANG_WARN_INT_CONVERSION = YES;
				CLANG_WARN_OBJC_ROOT_CLASS = YES_ERROR;
				CLANG_WARN_SUSPICIOUS_MOVE = YES;
				CLANG_WARN_SUSPICIOUS_MOVES = YES;
				CLANG_WARN_UNREACHABLE_CODE = YES;
				CLANG_WARN__DUPLICATE_METHOD_MATCH = YES;
				CODE_SIGN_IDENTITY = "-";
				COPY_PHASE_STRIP = NO;
				DEBUG_INFORMATION_FORMAT = dwarf;
				ENABLE_STRICT_OBJC_MSGSEND = YES;
				ENABLE_TESTABILITY = YES;
				GCC_C_LANGUAGE_STANDARD = gnu99;
				GCC_DYNAMIC_NO_PIC = NO;
				GCC_NO_COMMON_BLOCKS = YES;
				GCC_OPTIMIZATION_LEVEL = 0;
				GCC_PREPROCESSOR_DEFINITIONS = (
					"DEBUG=1",
					"$(inherited)",
				);
				GCC_WARN_64_TO_32_BIT_CONVERSION = YES;
				GCC_WARN_ABOUT_RETURN_TYPE = YES_ERROR;
				GCC_WARN_UNDECLARED_SELECTOR = YES;
				GCC_WARN_UNINITIALIZED_AUTOS = YES_AGGRESSIVE;
				GCC_WARN_UNUSED_FUNCTION = YES;
				GCC_WARN_UNUSED_VARIABLE = YES;
				MACOSX_DEPLOYMENT_TARGET = 10.10;
				MTL_ENABLE_DEBUG_INFO = YES;
				ONLY_ACTIVE_ARCH = YES;
				SDKROOT = macosx;
				SWIFT_ACTIVE_COMPILATION_CONDITIONS = DEBUG;
				SWIFT_OPTIMIZATION_LEVEL = "-Onone";
			};
			name = Debug;
		};
		62E17E711DBD7149008345D9 /* Release */ = {
			isa = XCBuildConfiguration;
			buildSettings = {
				ALWAYS_SEARCH_USER_PATHS = NO;
				CLANG_ANALYZER_NONNULL = YES;
				CLANG_CXX_LANGUAGE_STANDARD = "gnu++0x";
				CLANG_CXX_LIBRARY = "libc++";
				CLANG_ENABLE_MODULES = YES;
				CLANG_ENABLE_OBJC_ARC = YES;
				CLANG_WARN_BOOL_CONVERSION = YES;
				CLANG_WARN_CONSTANT_CONVERSION = YES;
				CLANG_WARN_DIRECT_OBJC_ISA_USAGE = YES_ERROR;
				CLANG_WARN_DOCUMENTATION_COMMENTS = YES;
				CLANG_WARN_EMPTY_BODY = YES;
				CLANG_WARN_ENUM_CONVERSION = YES;
				CLANG_WARN_INFINITE_RECURSION = YES;
				CLANG_WARN_INT_CONVERSION = YES;
				CLANG_WARN_OBJC_ROOT_CLASS = YES_ERROR;
				CLANG_WARN_SUSPICIOUS_MOVE = YES;
				CLANG_WARN_SUSPICIOUS_MOVES = YES;
				CLANG_WARN_UNREACHABLE_CODE = YES;
				CLANG_WARN__DUPLICATE_METHOD_MATCH = YES;
				CODE_SIGN_IDENTITY = "-";
				COPY_PHASE_STRIP = NO;
				DEBUG_INFORMATION_FORMAT = "dwarf-with-dsym";
				ENABLE_NS_ASSERTIONS = NO;
				ENABLE_STRICT_OBJC_MSGSEND = YES;
				GCC_C_LANGUAGE_STANDARD = gnu99;
				GCC_NO_COMMON_BLOCKS = YES;
				GCC_WARN_64_TO_32_BIT_CONVERSION = YES;
				GCC_WARN_ABOUT_RETURN_TYPE = YES_ERROR;
				GCC_WARN_UNDECLARED_SELECTOR = YES;
				GCC_WARN_UNINITIALIZED_AUTOS = YES_AGGRESSIVE;
				GCC_WARN_UNUSED_FUNCTION = YES;
				GCC_WARN_UNUSED_VARIABLE = YES;
				MACOSX_DEPLOYMENT_TARGET = 10.10;
				MTL_ENABLE_DEBUG_INFO = NO;
				SDKROOT = macosx;
				SWIFT_OPTIMIZATION_LEVEL = "-Owholemodule";
			};
			name = Release;
		};
		62E17E731DBD7149008345D9 /* Debug */ = {
			isa = XCBuildConfiguration;
			baseConfigurationReference = B43648F5784FFB1175B80612 /* Pods-Eikana β.debug.xcconfig */;
			buildSettings = {
				ASSETCATALOG_COMPILER_APPICON_NAME = AppIcon;
				COMBINE_HIDPI_IMAGES = YES;
				INFOPLIST_FILE = "$(SRCROOT)/Eikana β/Info.plist";
				LD_RUNPATH_SEARCH_PATHS = "$(inherited) @executable_path/../Frameworks";
				PRODUCT_BUNDLE_IDENTIFIER = "io.github.imasanari.eikana-bata";
				PRODUCT_NAME = "$(TARGET_NAME)";
				SWIFT_VERSION = 3.0;
			};
			name = Debug;
		};
		62E17E741DBD7149008345D9 /* Release */ = {
			isa = XCBuildConfiguration;
			baseConfigurationReference = E1F3E528C2719CC65970092F /* Pods-Eikana β.release.xcconfig */;
			buildSettings = {
				ASSETCATALOG_COMPILER_APPICON_NAME = AppIcon;
				COMBINE_HIDPI_IMAGES = YES;
				INFOPLIST_FILE = "$(SRCROOT)/Eikana β/Info.plist";
				LD_RUNPATH_SEARCH_PATHS = "$(inherited) @executable_path/../Frameworks";
				PRODUCT_BUNDLE_IDENTIFIER = "io.github.imasanari.eikana-bata";
				PRODUCT_NAME = "$(TARGET_NAME)";
				SWIFT_VERSION = 3.0;
			};
			name = Release;
		};
/* End XCBuildConfiguration section */

/* Begin XCConfigurationList section */
		62E17E5E1DBD7149008345D9 /* Build configuration list for PBXProject "Eikana β" */ = {
			isa = XCConfigurationList;
			buildConfigurations = (
				62E17E701DBD7149008345D9 /* Debug */,
				62E17E711DBD7149008345D9 /* Release */,
			);
			defaultConfigurationIsVisible = 0;
			defaultConfigurationName = Release;
		};
		62E17E721DBD7149008345D9 /* Build configuration list for PBXNativeTarget "Eikana β" */ = {
			isa = XCConfigurationList;
			buildConfigurations = (
				62E17E731DBD7149008345D9 /* Debug */,
				62E17E741DBD7149008345D9 /* Release */,
			);
			defaultConfigurationIsVisible = 0;
			defaultConfigurationName = Release;
		};
/* End XCConfigurationList section */
	};
	rootObject = 62E17E5B1DBD7149008345D9 /* Project object */;
}
