// !$*UTF8*$!
{
	archiveVersion = 1;
	classes = {
	};
	objectVersion = 48;
	objects = {

/* Begin PBXBuildFile section */
		62383B061E7CCF550062DE24 /* AppDelegate.m in Sources */ = {isa = PBXBuildFile; fileRef = 62383B051E7CCF550062DE24 /* AppDelegate.m */; };
		62383B091E7CCF550062DE24 /* main.m in Sources */ = {isa = PBXBuildFile; fileRef = 62383B081E7CCF550062DE24 /* main.m */; };
		62383B0B1E7CCF550062DE24 /* Assets.xcassets in Resources */ = {isa = PBXBuildFile; fileRef = 62383B0A1E7CCF550062DE24 /* Assets.xcassets */; };
		62383B0E1E7CCF550062DE24 /* MainMenu.xib in Resources */ = {isa = PBXBuildFile; fileRef = 62383B0C1E7CCF550062DE24 /* MainMenu.xib */; };
		62383B141E7CD1900062DE24 /* eikana-bata-helper.app in CopyFiles */ = {isa = PBXBuildFile; fileRef = 62383B021E7CCF550062DE24 /* eikana-bata-helper.app */; settings = {ATTRIBUTES = (RemoveHeadersOnCopy, ); }; };
		625653141DC7AD2D00DF0364 /* StatusMenu.swift in Sources */ = {isa = PBXBuildFile; fileRef = 625653131DC7AD2D00DF0364 /* StatusMenu.swift */; };
		625653161DC80F7B00DF0364 /* KeyEvents.swift in Sources */ = {isa = PBXBuildFile; fileRef = 625653151DC80F7B00DF0364 /* KeyEvents.swift */; };
		625653181DC864BE00DF0364 /* PreferenceWindowController.swift in Sources */ = {isa = PBXBuildFile; fileRef = 625653171DC864BE00DF0364 /* PreferenceWindowController.swift */; };
		626983781E672A73009C1640 /* Settings.swift in Sources */ = {isa = PBXBuildFile; fileRef = 626983771E672A73009C1640 /* Settings.swift */; };
		6269837B1E673B7A009C1640 /* appcast.xml in Resources */ = {isa = PBXBuildFile; fileRef = 6269837A1E673B7A009C1640 /* appcast.xml */; };
		626DD3511E40517D005810F0 /* LaunchAtStartup.swift in Sources */ = {isa = PBXBuildFile; fileRef = 626DD3501E40517D005810F0 /* LaunchAtStartup.swift */; };
		62A5A0861E6346DD0067564C /* dsa_pub.pem in Resources */ = {isa = PBXBuildFile; fileRef = 62A5A0851E6346DD0067564C /* dsa_pub.pem */; };
		62B8DE841EEA635500C7BA2F /* Sparkle.framework in Frameworks */ = {isa = PBXBuildFile; fileRef = 62B8DE831EEA635500C7BA2F /* Sparkle.framework */; };
		62E17E671DBD7149008345D9 /* AppDelegate.swift in Sources */ = {isa = PBXBuildFile; fileRef = 62E17E661DBD7149008345D9 /* AppDelegate.swift */; };
		62E17E691DBD7149008345D9 /* ViewController.swift in Sources */ = {isa = PBXBuildFile; fileRef = 62E17E681DBD7149008345D9 /* ViewController.swift */; };
		62E17E6B1DBD7149008345D9 /* Assets.xcassets in Resources */ = {isa = PBXBuildFile; fileRef = 62E17E6A1DBD7149008345D9 /* Assets.xcassets */; };
		62E17E6E1DBD7149008345D9 /* Main.storyboard in Resources */ = {isa = PBXBuildFile; fileRef = 62E17E6C1DBD7149008345D9 /* Main.storyboard */; };
/* End PBXBuildFile section */

/* Begin PBXCopyFilesBuildPhase section */
		62383B131E7CD16F0062DE24 /* CopyFiles */ = {
			isa = PBXCopyFilesBuildPhase;
			buildActionMask = 2147483647;
			dstPath = Contents/Library/LoginItems;
			dstSubfolderSpec = 1;
			files = (
				62383B141E7CD1900062DE24 /* eikana-bata-helper.app in CopyFiles */,
			);
			runOnlyForDeploymentPostprocessing = 0;
		};
/* End PBXCopyFilesBuildPhase section */

/* Begin PBXFileReference section */
		62383B021E7CCF550062DE24 /* eikana-bata-helper.app */ = {isa = PBXFileReference; explicitFileType = wrapper.application; includeInIndex = 0; path = "eikana-bata-helper.app"; sourceTree = BUILT_PRODUCTS_DIR; };
		62383B041E7CCF550062DE24 /* AppDelegate.h */ = {isa = PBXFileReference; lastKnownFileType = sourcecode.c.h; path = AppDelegate.h; sourceTree = "<group>"; };
		62383B051E7CCF550062DE24 /* AppDelegate.m */ = {isa = PBXFileReference; lastKnownFileType = sourcecode.c.objc; path = AppDelegate.m; sourceTree = "<group>"; };
		62383B081E7CCF550062DE24 /* main.m */ = {isa = PBXFileReference; lastKnownFileType = sourcecode.c.objc; path = main.m; sourceTree = "<group>"; };
		62383B0A1E7CCF550062DE24 /* Assets.xcassets */ = {isa = PBXFileReference; lastKnownFileType = folder.assetcatalog; path = Assets.xcassets; sourceTree = "<group>"; };
		62383B0D1E7CCF550062DE24 /* Base */ = {isa = PBXFileReference; lastKnownFileType = file.xib; name = Base; path = Base.lproj/MainMenu.xib; sourceTree = "<group>"; };
		62383B0F1E7CCF550062DE24 /* Info.plist */ = {isa = PBXFileReference; lastKnownFileType = text.plist.xml; path = Info.plist; sourceTree = "<group>"; };
		625653131DC7AD2D00DF0364 /* StatusMenu.swift */ = {isa = PBXFileReference; fileEncoding = 4; lastKnownFileType = sourcecode.swift; path = StatusMenu.swift; sourceTree = "<group>"; };
		625653151DC80F7B00DF0364 /* KeyEvents.swift */ = {isa = PBXFileReference; fileEncoding = 4; lastKnownFileType = sourcecode.swift; path = KeyEvents.swift; sourceTree = "<group>"; };
		625653171DC864BE00DF0364 /* PreferenceWindowController.swift */ = {isa = PBXFileReference; fileEncoding = 4; lastKnownFileType = sourcecode.swift; path = PreferenceWindowController.swift; sourceTree = "<group>"; };
		626983771E672A73009C1640 /* Settings.swift */ = {isa = PBXFileReference; fileEncoding = 4; lastKnownFileType = sourcecode.swift; path = Settings.swift; sourceTree = "<group>"; };
		6269837A1E673B7A009C1640 /* appcast.xml */ = {isa = PBXFileReference; fileEncoding = 4; lastKnownFileType = text.xml; path = appcast.xml; sourceTree = "<group>"; };
		626DD3501E40517D005810F0 /* LaunchAtStartup.swift */ = {isa = PBXFileReference; fileEncoding = 4; lastKnownFileType = sourcecode.swift; path = LaunchAtStartup.swift; sourceTree = "<group>"; };
		62A5A0851E6346DD0067564C /* dsa_pub.pem */ = {isa = PBXFileReference; fileEncoding = 4; lastKnownFileType = text; path = dsa_pub.pem; sourceTree = "<group>"; };
		62B8DE831EEA635500C7BA2F /* Sparkle.framework */ = {isa = PBXFileReference; lastKnownFileType = wrapper.framework; name = Sparkle.framework; path = Carthage/Build/Mac/Sparkle.framework; sourceTree = "<group>"; };
		62E17E631DBD7149008345D9 /* Eikana β.app */ = {isa = PBXFileReference; explicitFileType = wrapper.application; includeInIndex = 0; path = "Eikana β.app"; sourceTree = BUILT_PRODUCTS_DIR; };
		62E17E661DBD7149008345D9 /* AppDelegate.swift */ = {isa = PBXFileReference; lastKnownFileType = sourcecode.swift; path = AppDelegate.swift; sourceTree = "<group>"; };
		62E17E681DBD7149008345D9 /* ViewController.swift */ = {isa = PBXFileReference; lastKnownFileType = sourcecode.swift; path = ViewController.swift; sourceTree = "<group>"; };
		62E17E6A1DBD7149008345D9 /* Assets.xcassets */ = {isa = PBXFileReference; lastKnownFileType = folder.assetcatalog; path = Assets.xcassets; sourceTree = "<group>"; };
		62E17E6D1DBD7149008345D9 /* Base */ = {isa = PBXFileReference; lastKnownFileType = file.storyboard; name = Base; path = Base.lproj/Main.storyboard; sourceTree = "<group>"; };
		62E17E6F1DBD7149008345D9 /* Info.plist */ = {isa = PBXFileReference; lastKnownFileType = text.plist.xml; path = Info.plist; sourceTree = "<group>"; };
/* End PBXFileReference section */

/* Begin PBXFrameworksBuildPhase section */
		62383AFF1E7CCF550062DE24 /* Frameworks */ = {
			isa = PBXFrameworksBuildPhase;
			buildActionMask = 2147483647;
			files = (
			);
			runOnlyForDeploymentPostprocessing = 0;
		};
		62E17E601DBD7149008345D9 /* Frameworks */ = {
			isa = PBXFrameworksBuildPhase;
			buildActionMask = 2147483647;
			files = (
				62B8DE841EEA635500C7BA2F /* Sparkle.framework in Frameworks */,
			);
			runOnlyForDeploymentPostprocessing = 0;
		};
/* End PBXFrameworksBuildPhase section */

/* Begin PBXGroup section */
		1D8A1B710AB880E09E1010FB /* Frameworks */ = {
			isa = PBXGroup;
			children = (
				62B8DE831EEA635500C7BA2F /* Sparkle.framework */,
			);
			name = Frameworks;
			sourceTree = "<group>";
		};
		62383B031E7CCF550062DE24 /* eikana-bata-helper */ = {
			isa = PBXGroup;
			children = (
				62383B041E7CCF550062DE24 /* AppDelegate.h */,
				62383B051E7CCF550062DE24 /* AppDelegate.m */,
				62383B0A1E7CCF550062DE24 /* Assets.xcassets */,
				62383B0C1E7CCF550062DE24 /* MainMenu.xib */,
				62383B0F1E7CCF550062DE24 /* Info.plist */,
				62383B071E7CCF550062DE24 /* Supporting Files */,
			);
			path = "eikana-bata-helper";
			sourceTree = "<group>";
		};
		62383B071E7CCF550062DE24 /* Supporting Files */ = {
			isa = PBXGroup;
			children = (
				62383B081E7CCF550062DE24 /* main.m */,
			);
			name = "Supporting Files";
			sourceTree = "<group>";
		};
		626983791E673B7A009C1640 /* docs */ = {
			isa = PBXGroup;
			children = (
				6269837A1E673B7A009C1640 /* appcast.xml */,
			);
			path = docs;
			sourceTree = "<group>";
		};
		62E17E5A1DBD7149008345D9 = {
			isa = PBXGroup;
			children = (
				62E17E651DBD7149008345D9 /* Eikana β */,
				62383B031E7CCF550062DE24 /* eikana-bata-helper */,
				626983791E673B7A009C1640 /* docs */,
				62E17E641DBD7149008345D9 /* Products */,
				1D8A1B710AB880E09E1010FB /* Frameworks */,
			);
			sourceTree = "<group>";
		};
		62E17E641DBD7149008345D9 /* Products */ = {
			isa = PBXGroup;
			children = (
				62E17E631DBD7149008345D9 /* Eikana β.app */,
				62383B021E7CCF550062DE24 /* eikana-bata-helper.app */,
			);
			name = Products;
			sourceTree = "<group>";
		};
		62E17E651DBD7149008345D9 /* Eikana β */ = {
			isa = PBXGroup;
			children = (
				62E17E661DBD7149008345D9 /* AppDelegate.swift */,
				625653151DC80F7B00DF0364 /* KeyEvents.swift */,
				62E17E681DBD7149008345D9 /* ViewController.swift */,
				62E17E6A1DBD7149008345D9 /* Assets.xcassets */,
				62E17E6C1DBD7149008345D9 /* Main.storyboard */,
				625653171DC864BE00DF0364 /* PreferenceWindowController.swift */,
				625653131DC7AD2D00DF0364 /* StatusMenu.swift */,
				626DD3501E40517D005810F0 /* LaunchAtStartup.swift */,
				626983771E672A73009C1640 /* Settings.swift */,
				62E17E6F1DBD7149008345D9 /* Info.plist */,
				62A5A0851E6346DD0067564C /* dsa_pub.pem */,
			);
			path = "Eikana β";
			sourceTree = "<group>";
		};
/* End PBXGroup section */

/* Begin PBXNativeTarget section */
		62383B011E7CCF550062DE24 /* eikana-bata-helper */ = {
			isa = PBXNativeTarget;
			buildConfigurationList = 62383B121E7CCF550062DE24 /* Build configuration list for PBXNativeTarget "eikana-bata-helper" */;
			buildPhases = (
				62383AFE1E7CCF550062DE24 /* Sources */,
				62383AFF1E7CCF550062DE24 /* Frameworks */,
				62383B001E7CCF550062DE24 /* Resources */,
			);
			buildRules = (
			);
			dependencies = (
			);
			name = "eikana-bata-helper";
			productName = "eikana-bata-helper";
			productReference = 62383B021E7CCF550062DE24 /* eikana-bata-helper.app */;
			productType = "com.apple.product-type.application";
		};
		62E17E621DBD7149008345D9 /* Eikana β */ = {
			isa = PBXNativeTarget;
			buildConfigurationList = 62E17E721DBD7149008345D9 /* Build configuration list for PBXNativeTarget "Eikana β" */;
			buildPhases = (
				62E17E5F1DBD7149008345D9 /* Sources */,
				62E17E601DBD7149008345D9 /* Frameworks */,
				62E17E611DBD7149008345D9 /* Resources */,
				62383B131E7CD16F0062DE24 /* CopyFiles */,
				62B8DE851EEA636E00C7BA2F /* ShellScript */,
			);
			buildRules = (
			);
			dependencies = (
			);
			name = "Eikana β";
			productName = "cmd-eikana";
			productReference = 62E17E631DBD7149008345D9 /* Eikana β.app */;
			productType = "com.apple.product-type.application";
		};
/* End PBXNativeTarget section */

/* Begin PBXProject section */
		62E17E5B1DBD7149008345D9 /* Project object */ = {
			isa = PBXProject;
			attributes = {
				LastSwiftUpdateCheck = 0800;
				LastUpgradeCheck = 0810;
				ORGANIZATIONNAME = iMasanari;
				TargetAttributes = {
					62383B011E7CCF550062DE24 = {
						CreatedOnToolsVersion = 8.2.1;
						ProvisioningStyle = Automatic;
					};
					62E17E621DBD7149008345D9 = {
						CreatedOnToolsVersion = 8.0;
						ProvisioningStyle = Automatic;
					};
				};
			};
			buildConfigurationList = 62E17E5E1DBD7149008345D9 /* Build configuration list for PBXProject "Eikana β" */;
			compatibilityVersion = "Xcode 8.0";
			developmentRegion = English;
			hasScannedForEncodings = 0;
			knownRegions = (
				en,
				Base,
			);
			mainGroup = 62E17E5A1DBD7149008345D9;
			productRefGroup = 62E17E641DBD7149008345D9 /* Products */;
			projectDirPath = "";
			projectRoot = "";
			targets = (
				62E17E621DBD7149008345D9 /* Eikana β */,
				62383B011E7CCF550062DE24 /* eikana-bata-helper */,
			);
		};
/* End PBXProject section */

/* Begin PBXResourcesBuildPhase section */
		62383B001E7CCF550062DE24 /* Resources */ = {
			isa = PBXResourcesBuildPhase;
			buildActionMask = 2147483647;
			files = (
				62383B0B1E7CCF550062DE24 /* Assets.xcassets in Resources */,
				62383B0E1E7CCF550062DE24 /* MainMenu.xib in Resources */,
			);
			runOnlyForDeploymentPostprocessing = 0;
		};
		62E17E611DBD7149008345D9 /* Resources */ = {
			isa = PBXResourcesBuildPhase;
			buildActionMask = 2147483647;
			files = (
				62E17E6B1DBD7149008345D9 /* Assets.xcassets in Resources */,
				62A5A0861E6346DD0067564C /* dsa_pub.pem in Resources */,
				6269837B1E673B7A009C1640 /* appcast.xml in Resources */,
				62E17E6E1DBD7149008345D9 /* Main.storyboard in Resources */,
			);
			runOnlyForDeploymentPostprocessing = 0;
		};
/* End PBXResourcesBuildPhase section */

/* Begin PBXShellScriptBuildPhase section */
		62B8DE851EEA636E00C7BA2F /* ShellScript */ = {
			isa = PBXShellScriptBuildPhase;
			buildActionMask = 2147483647;
			files = (
			);
			inputPaths = (
				"$(SRCROOT)/Carthage/Build/Mac/Sparkle.framework",
			);
			outputPaths = (
			);
			runOnlyForDeploymentPostprocessing = 0;
			shellPath = /bin/sh;
			shellScript = "/usr/local/bin/carthage copy-frameworks";
		};
/* End PBXShellScriptBuildPhase section */

/* Begin PBXSourcesBuildPhase section */
		62383AFE1E7CCF550062DE24 /* Sources */ = {
			isa = PBXSourcesBuildPhase;
			buildActionMask = 2147483647;
			files = (
				62383B091E7CCF550062DE24 /* main.m in Sources */,
				62383B061E7CCF550062DE24 /* AppDelegate.m in Sources */,
			);
			runOnlyForDeploymentPostprocessing = 0;
		};
		62E17E5F1DBD7149008345D9 /* Sources */ = {
			isa = PBXSourcesBuildPhase;
			buildActionMask = 2147483647;
			files = (
				625653181DC864BE00DF0364 /* PreferenceWindowController.swift in Sources */,
				626DD3511E40517D005810F0 /* LaunchAtStartup.swift in Sources */,
				625653161DC80F7B00DF0364 /* KeyEvents.swift in Sources */,
				62E17E691DBD7149008345D9 /* ViewController.swift in Sources */,
				626983781E672A73009C1640 /* Settings.swift in Sources */,
				62E17E671DBD7149008345D9 /* AppDelegate.swift in Sources */,
				625653141DC7AD2D00DF0364 /* StatusMenu.swift in Sources */,
			);
			runOnlyForDeploymentPostprocessing = 0;
		};
/* End PBXSourcesBuildPhase section */

/* Begin PBXVariantGroup section */
		62383B0C1E7CCF550062DE24 /* MainMenu.xib */ = {
			isa = PBXVariantGroup;
			children = (
				62383B0D1E7CCF550062DE24 /* Base */,
			);
			name = MainMenu.xib;
			sourceTree = "<group>";
		};
		62E17E6C1DBD7149008345D9 /* Main.storyboard */ = {
			isa = PBXVariantGroup;
			children = (
				62E17E6D1DBD7149008345D9 /* Base */,
			);
			name = Main.storyboard;
			sourceTree = "<group>";
		};
/* End PBXVariantGroup section */

/* Begin XCBuildConfiguration section */
		62383B101E7CCF550062DE24 /* Debug */ = {
			isa = XCBuildConfiguration;
			buildSettings = {
				ASSETCATALOG_COMPILER_APPICON_NAME = AppIcon;
				COMBINE_HIDPI_IMAGES = YES;
				INFOPLIST_FILE = "eikana-bata-helper/Info.plist";
				LD_RUNPATH_SEARCH_PATHS = "$(inherited) @executable_path/../Frameworks";
				MACOSX_DEPLOYMENT_TARGET = 10.12;
				PRODUCT_BUNDLE_IDENTIFIER = "io.github.imasanari.eikana-bata-helper";
				PRODUCT_NAME = "$(TARGET_NAME)";
			};
			name = Debug;
		};
		62383B111E7CCF550062DE24 /* Release */ = {
			isa = XCBuildConfiguration;
			buildSettings = {
				ASSETCATALOG_COMPILER_APPICON_NAME = AppIcon;
				COMBINE_HIDPI_IMAGES = YES;
				INFOPLIST_FILE = "eikana-bata-helper/Info.plist";
				LD_RUNPATH_SEARCH_PATHS = "$(inherited) @executable_path/../Frameworks";
				MACOSX_DEPLOYMENT_TARGET = 10.12;
				PRODUCT_BUNDLE_IDENTIFIER = "io.github.imasanari.eikana-bata-helper";
				PRODUCT_NAME = "$(TARGET_NAME)";
			};
			name = Release;
		};
		62E17E701DBD7149008345D9 /* Debug */ = {
			isa = XCBuildConfiguration;
			buildSettings = {
				ALWAYS_SEARCH_USER_PATHS = NO;
				CLANG_ANALYZER_NONNULL = YES;
				CLANG_CXX_LANGUAGE_STANDARD = "gnu++0x";
				CLANG_CXX_LIBRARY = "libc++";
				CLANG_ENABLE_MODULES = YES;
				CLANG_ENABLE_OBJC_ARC = YES;
				CLANG_WARN_BOOL_CONVERSION = YES;
				CLANG_WARN_CONSTANT_CONVERSION = YES;
				CLANG_WARN_DIRECT_OBJC_ISA_USAGE = YES_ERROR;
				CLANG_WARN_DOCUMENTATION_COMMENTS = YES;
				CLANG_WARN_EMPTY_BODY = YES;
				CLANG_WARN_ENUM_CONVERSION = YES;
				CLANG_WARN_INFINITE_RECURSION = YES;
				CLANG_WARN_INT_CONVERSION = YES;
				CLANG_WARN_OBJC_ROOT_CLASS = YES_ERROR;
				CLANG_WARN_SUSPICIOUS_MOVE = YES;
				CLANG_WARN_SUSPICIOUS_MOVES = YES;
				CLANG_WARN_UNREACHABLE_CODE = YES;
				CLANG_WARN__DUPLICATE_METHOD_MATCH = YES;
				CODE_SIGN_IDENTITY = "-";
				COPY_PHASE_STRIP = NO;
				DEBUG_INFORMATION_FORMAT = dwarf;
				ENABLE_STRICT_OBJC_MSGSEND = YES;
				ENABLE_TESTABILITY = YES;
				GCC_C_LANGUAGE_STANDARD = gnu99;
				GCC_DYNAMIC_NO_PIC = NO;
				GCC_NO_COMMON_BLOCKS = YES;
				GCC_OPTIMIZATION_LEVEL = 0;
				GCC_PREPROCESSOR_DEFINITIONS = (
					"DEBUG=1",
					"$(inherited)",
				);
				GCC_WARN_64_TO_32_BIT_CONVERSION = YES;
				GCC_WARN_ABOUT_RETURN_TYPE = YES_ERROR;
				GCC_WARN_UNDECLARED_SELECTOR = YES;
				GCC_WARN_UNINITIALIZED_AUTOS = YES_AGGRESSIVE;
				GCC_WARN_UNUSED_FUNCTION = YES;
				GCC_WARN_UNUSED_VARIABLE = YES;
				MACOSX_DEPLOYMENT_TARGET = 10.10;
				MTL_ENABLE_DEBUG_INFO = YES;
				ONLY_ACTIVE_ARCH = YES;
				SDKROOT = macosx;
				SWIFT_ACTIVE_COMPILATION_CONDITIONS = DEBUG;
				SWIFT_OPTIMIZATION_LEVEL = "-Onone";
			};
			name = Debug;
		};
		62E17E711DBD7149008345D9 /* Release */ = {
			isa = XCBuildConfiguration;
			buildSettings = {
				ALWAYS_SEARCH_USER_PATHS = NO;
				CLANG_ANALYZER_NONNULL = YES;
				CLANG_CXX_LANGUAGE_STANDARD = "gnu++0x";
				CLANG_CXX_LIBRARY = "libc++";
				CLANG_ENABLE_MODULES = YES;
				CLANG_ENABLE_OBJC_ARC = YES;
				CLANG_WARN_BOOL_CONVERSION = YES;
				CLANG_WARN_CONSTANT_CONVERSION = YES;
				CLANG_WARN_DIRECT_OBJC_ISA_USAGE = YES_ERROR;
				CLANG_WARN_DOCUMENTATION_COMMENTS = YES;
				CLANG_WARN_EMPTY_BODY = YES;
				CLANG_WARN_ENUM_CONVERSION = YES;
				CLANG_WARN_INFINITE_RECURSION = YES;
				CLANG_WARN_INT_CONVERSION = YES;
				CLANG_WARN_OBJC_ROOT_CLASS = YES_ERROR;
				CLANG_WARN_SUSPICIOUS_MOVE = YES;
				CLANG_WARN_SUSPICIOUS_MOVES = YES;
				CLANG_WARN_UNREACHABLE_CODE = YES;
				CLANG_WARN__DUPLICATE_METHOD_MATCH = YES;
				CODE_SIGN_IDENTITY = "-";
				COPY_PHASE_STRIP = NO;
				DEBUG_INFORMATION_FORMAT = "dwarf-with-dsym";
				ENABLE_NS_ASSERTIONS = NO;
				ENABLE_STRICT_OBJC_MSGSEND = YES;
				GCC_C_LANGUAGE_STANDARD = gnu99;
				GCC_NO_COMMON_BLOCKS = YES;
				GCC_WARN_64_TO_32_BIT_CONVERSION = YES;
				GCC_WARN_ABOUT_RETURN_TYPE = YES_ERROR;
				GCC_WARN_UNDECLARED_SELECTOR = YES;
				GCC_WARN_UNINITIALIZED_AUTOS = YES_AGGRESSIVE;
				GCC_WARN_UNUSED_FUNCTION = YES;
				GCC_WARN_UNUSED_VARIABLE = YES;
				MACOSX_DEPLOYMENT_TARGET = 10.10;
				MTL_ENABLE_DEBUG_INFO = NO;
				SDKROOT = macosx;
				SWIFT_OPTIMIZATION_LEVEL = "-Owholemodule";
			};
			name = Release;
		};
		62E17E731DBD7149008345D9 /* Debug */ = {
			isa = XCBuildConfiguration;
			buildSettings = {
				ASSETCATALOG_COMPILER_APPICON_NAME = AppIcon;
				COMBINE_HIDPI_IMAGES = YES;
				FRAMEWORK_SEARCH_PATHS = (
					"$(inherited)",
					"$(PROJECT_DIR)/Carthage/Build/Mac",
				);
				INFOPLIST_FILE = "$(SRCROOT)/Eikana β/Info.plist";
				LD_RUNPATH_SEARCH_PATHS = "$(inherited) @executable_path/../Frameworks";
				PRODUCT_BUNDLE_IDENTIFIER = "io.github.imasanari.eikana-bata";
				PRODUCT_NAME = "$(TARGET_NAME)";
				SWIFT_VERSION = 3.0;
			};
			name = Debug;
		};
		62E17E741DBD7149008345D9 /* Release */ = {
			isa = XCBuildConfiguration;
			buildSettings = {
				ASSETCATALOG_COMPILER_APPICON_NAME = AppIcon;
				COMBINE_HIDPI_IMAGES = YES;
				FRAMEWORK_SEARCH_PATHS = (
					"$(inherited)",
					"$(PROJECT_DIR)/Carthage/Build/Mac",
				);
				INFOPLIST_FILE = "$(SRCROOT)/Eikana β/Info.plist";
				LD_RUNPATH_SEARCH_PATHS = "$(inherited) @executable_path/../Frameworks";
				PRODUCT_BUNDLE_IDENTIFIER = "io.github.imasanari.eikana-bata";
				PRODUCT_NAME = "$(TARGET_NAME)";
				SWIFT_VERSION = 3.0;
			};
			name = Release;
		};
/* End XCBuildConfiguration section */

/* Begin XCConfigurationList section */
		62383B121E7CCF550062DE24 /* Build configuration list for PBXNativeTarget "eikana-bata-helper" */ = {
			isa = XCConfigurationList;
			buildConfigurations = (
				62383B101E7CCF550062DE24 /* Debug */,
				62383B111E7CCF550062DE24 /* Release */,
			);
			defaultConfigurationIsVisible = 0;
			defaultConfigurationName = Release;
		};
		62E17E5E1DBD7149008345D9 /* Build configuration list for PBXProject "Eikana β" */ = {
			isa = XCConfigurationList;
			buildConfigurations = (
				62E17E701DBD7149008345D9 /* Debug */,
				62E17E711DBD7149008345D9 /* Release */,
			);
			defaultConfigurationIsVisible = 0;
			defaultConfigurationName = Release;
		};
		62E17E721DBD7149008345D9 /* Build configuration list for PBXNativeTarget "Eikana β" */ = {
			isa = XCConfigurationList;
			buildConfigurations = (
				62E17E731DBD7149008345D9 /* Debug */,
				62E17E741DBD7149008345D9 /* Release */,
			);
			defaultConfigurationIsVisible = 0;
			defaultConfigurationName = Release;
		};
/* End XCConfigurationList section */
	};
	rootObject = 62E17E5B1DBD7149008345D9 /* Project object */;
}
